
Microsoft Visual Studio Solution File, Format Version 12.00
# Visual Studio Version 17
VisualStudioVersion = 17.14.36408.4
MinimumVisualStudioVersion = 10.0.40219.1
Project("{FAE04EC0-301F-11D3-BF4B-00C04F79EFBC}") = "ElevatorSystem", "ElevatorSystem.csproj", "{59395E56-5FC9-4513-9D4F-18B3DE71E80C}"
EndProject
Project("{FAE04EC0-301F-11D3-BF4B-00C04F79EFBC}") = "ElevatorSystem.Tests", "..\ElevatorSystem.Tests\ElevatorSystem.Tests\ElevatorSystem.Tests.csproj", "{18BCCC5C-1C9E-4C37-99B7-7E44A809B7B0}"
EndProject
Project("{2150E333-8FDC-42A3-9474-1A3956D46DE8}") = "Solution Items", "Solution Items", "{8EC462FD-D22E-90A8-E5CE-7E832BA40C5D}"
	ProjectSection(SolutionItems) = preProject
		README.md = README.md
	EndProjectSection
EndProject
Global
	GlobalSection(SolutionConfigurationPlatforms) = preSolution
		Debug|Any CPU = Debug|Any CPU
		Release|Any CPU = Release|Any CPU
	EndGlobalSection
	GlobalSection(ProjectConfigurationPlatforms) = postSolution
		{59395E56-5FC9-4513-9D4F-18B3DE71E80C}.Debug|Any CPU.ActiveCfg = Debug|Any CPU
		{59395E56-5FC9-4513-9D4F-18B3DE71E80C}.Debug|Any CPU.Build.0 = Debug|Any CPU
		{59395E56-5FC9-4513-9D4F-18B3DE71E80C}.Release|Any CPU.ActiveCfg = Release|Any CPU
		{59395E56-5FC9-4513-9D4F-18B3DE71E80C}.Release|Any CPU.Build.0 = Release|Any CPU
		{18BCCC5C-1C9E-4C37-99B7-7E44A809B7B0}.Debug|Any CPU.ActiveCfg = Debug|Any CPU
		{18BCCC5C-1C9E-4C37-99B7-7E44A809B7B0}.Debug|Any CPU.Build.0 = Debug|Any CPU
		{18BCCC5C-1C9E-4C37-99B7-7E44A809B7B0}.Release|Any CPU.ActiveCfg = Release|Any CPU
		{18BCCC5C-1C9E-4C37-99B7-7E44A809B7B0}.Release|Any CPU.Build.0 = Release|Any CPU
	EndGlobalSection
	GlobalSection(SolutionProperties) = preSolution
		HideSolutionNode = FALSE
	EndGlobalSection
	GlobalSection(ExtensibilityGlobals) = postSolution
		SolutionGuid = {EDA84823-EAB5-424E-9316-68A40ADF9740}
	EndGlobalSection
EndGlobal
